PODS:
  - AlipaySDK_No_UTDID_YZN (15.7.9)

DEPENDENCIES:
  - AlipaySDK_No_UTDID_YZN (from `../`)

EXTERNAL SOURCES:
  AlipaySDK_No_UTDID_YZN:
    :path: "../"

SPEC CHECKSUMS:
  AlipaySDK_No_UTDID_YZN: bb711307f007a4238476ebdb8f834ae066da6a77

PODFILE CHECKSUM: 53b8b810081b990586afb603370c7b1b185b993b

COCOAPODS: 1.9.1
