PODS:
  - AlipaySDK_No_UTDID_YZN (0.1.0)

DEPENDENCIES:
  - AlipaySDK_No_UTDID_YZN (from `../`)

EXTERNAL SOURCES:
  AlipaySDK_No_UTDID_YZN:
    :path: "../"

SPEC CHECKSUMS:
  AlipaySDK_No_UTDID_YZN: 76739d52fdf3332d05c6b7b7afbf0de8ad54e18b

PODFILE CHECKSUM: 53b8b810081b990586afb603370c7b1b185b993b

COCOAPODS: 1.9.1
